
Microsoft Visual Studio Solution File, Format Version 12.00
# Visual Studio Version 17
VisualStudioVersion = 17.4.33110.190
MinimumVisualStudioVersion = 10.0.40219.1
Project("{9A19103F-16F7-4668-BE54-9A1E7A4F7556}") = "BlazorSite2.Server", "BlazorSite2\Server\BlazorSite2.Server.csproj", "{53C729FA-C0F7-4B52-81DC-27580CA87F90}"
EndProject
Project("{9A19103F-16F7-4668-BE54-9A1E7A4F7556}") = "BlazorSite2.Client", "BlazorSite2\Client\BlazorSite2.Client.csproj", "{C59C8804-E023-4009-9411-327002424A21}"
EndProject
Project("{9A19103F-16F7-4668-BE54-9A1E7A4F7556}") = "BlazorSite2.Shared", "BlazorSite2\Shared\BlazorSite2.Shared.csproj", "{A0CE0D29-D555-4805-91A4-919E7DA798BE}"
EndProject
Global
	GlobalSection(SolutionConfigurationPlatforms) = preSolution
		Debug|Any CPU = Debug|Any CPU
		Release|Any CPU = Release|Any CPU
	EndGlobalSection
	GlobalSection(ProjectConfigurationPlatforms) = postSolution
		{53C729FA-C0F7-4B52-81DC-27580CA87F90}.Debug|Any CPU.ActiveCfg = Debug|Any CPU
		{53C729FA-C0F7-4B52-81DC-27580CA87F90}.Debug|Any CPU.Build.0 = Debug|Any CPU
		{53C729FA-C0F7-4B52-81DC-27580CA87F90}.Release|Any CPU.ActiveCfg = Release|Any CPU
		{53C729FA-C0F7-4B52-81DC-27580CA87F90}.Release|Any CPU.Build.0 = Release|Any CPU
		{C59C8804-E023-4009-9411-327002424A21}.Debug|Any CPU.ActiveCfg = Debug|Any CPU
		{C59C8804-E023-4009-9411-327002424A21}.Debug|Any CPU.Build.0 = Debug|Any CPU
		{C59C8804-E023-4009-9411-327002424A21}.Release|Any CPU.ActiveCfg = Release|Any CPU
		{C59C8804-E023-4009-9411-327002424A21}.Release|Any CPU.Build.0 = Release|Any CPU
		{A0CE0D29-D555-4805-91A4-919E7DA798BE}.Debug|Any CPU.ActiveCfg = Debug|Any CPU
		{A0CE0D29-D555-4805-91A4-919E7DA798BE}.Debug|Any CPU.Build.0 = Debug|Any CPU
		{A0CE0D29-D555-4805-91A4-919E7DA798BE}.Release|Any CPU.ActiveCfg = Release|Any CPU
		{A0CE0D29-D555-4805-91A4-919E7DA798BE}.Release|Any CPU.Build.0 = Release|Any CPU
	EndGlobalSection
	GlobalSection(SolutionProperties) = preSolution
		HideSolutionNode = FALSE
	EndGlobalSection
	GlobalSection(ExtensibilityGlobals) = postSolution
		SolutionGuid = {BA613F83-84E1-4D45-A06C-39DE76AEFB17}
	EndGlobalSection
EndGlobal
